
Microsoft Visual Studio Solution File, Format Version 12.00
# Visual Studio Version 17
VisualStudioVersion = 17.0.31919.166
MinimumVisualStudioVersion = 10.0.40219.1
Project("{FAE04EC0-301F-11D3-BF4B-00C04F79EFBC}") = "C_Sharp_1_Dimensional_Array", "C_Sharp_1_Dimensional_Array\C_Sharp_1_Dimensional_Array.csproj", "{F88A997D-389B-4D52-AEFC-C7B74FFA8F44}"
EndProject
Global
	GlobalSection(SolutionConfigurationPlatforms) = preSolution
		Debug|Any CPU = Debug|Any CPU
		Release|Any CPU = Release|Any CPU
	EndGlobalSection
	GlobalSection(ProjectConfigurationPlatforms) = postSolution
		{F88A997D-389B-4D52-AEFC-C7B74FFA8F44}.Debug|Any CPU.ActiveCfg = Debug|Any CPU
		{F88A997D-389B-4D52-AEFC-C7B74FFA8F44}.Debug|Any CPU.Build.0 = Debug|Any CPU
		{F88A997D-389B-4D52-AEFC-C7B74FFA8F44}.Release|Any CPU.ActiveCfg = Release|Any CPU
		{F88A997D-389B-4D52-AEFC-C7B74FFA8F44}.Release|Any CPU.Build.0 = Release|Any CPU
	EndGlobalSection
	GlobalSection(SolutionProperties) = preSolution
		HideSolutionNode = FALSE
	EndGlobalSection
	GlobalSection(ExtensibilityGlobals) = postSolution
		SolutionGuid = {6C5347FF-3470-4025-B4F1-02D6F78E1FC8}
	EndGlobalSection
EndGlobal
